version: 5
environments:
  default:
    channels:
    - url: https://conda.anaconda.org/conda-forge/
    indexes:
    - https://pypi.org/simple
    packages:
      osx-arm64:
      - conda: https://conda.anaconda.org/conda-forge/osx-arm64/aiohttp-3.9.5-py312he37b823_0.conda
      - conda: https://conda.anaconda.org/conda-forge/noarch/aiosignal-1.3.1-pyhd8ed1ab_0.tar.bz2
      - conda: https://conda.anaconda.org/conda-forge/noarch/attrs-23.2.0-pyh71513ae_0.conda
      - conda: https://conda.anaconda.org/conda-forge/osx-arm64/bzip2-1.0.8-h93a5062_5.conda
      - conda: https://conda.anaconda.org/conda-forge/osx-arm64/ca-certificates-2024.6.2-hf0a4a13_0.conda
      - conda: https://conda.anaconda.org/conda-forge/noarch/click-8.1.7-unix_pyh707e725_0.conda
      - conda: https://conda.anaconda.org/conda-forge/osx-arm64/frozenlist-1.4.1-py312he37b823_0.conda
      - conda: https://conda.anaconda.org/conda-forge/noarch/idna-3.7-pyhd8ed1ab_0.conda
      - conda: https://conda.anaconda.org/conda-forge/osx-arm64/libcxx-17.0.6-h5f092b4_0.conda
      - conda: https://conda.anaconda.org/conda-forge/osx-arm64/libexpat-2.6.2-hebf3989_0.conda
      - conda: https://conda.anaconda.org/conda-forge/osx-arm64/libffi-3.4.2-h3422bc3_5.tar.bz2
      - conda: https://conda.anaconda.org/conda-forge/osx-arm64/libsqlite-3.46.0-hfb93653_0.conda
      - conda: https://conda.anaconda.org/conda-forge/osx-arm64/libzlib-1.3.1-hfb2fe0b_1.conda
      - conda: https://conda.anaconda.org/conda-forge/noarch/markdown-it-py-3.0.0-pyhd8ed1ab_0.conda
      - conda: https://conda.anaconda.org/conda-forge/noarch/mdurl-0.1.2-pyhd8ed1ab_0.conda
      - conda: https://conda.anaconda.org/conda-forge/osx-arm64/msgpack-python-1.0.8-py312h157fec4_0.conda
      - conda: https://conda.anaconda.org/conda-forge/osx-arm64/multidict-6.0.5-py312h670c8ac_0.conda
      - conda: https://conda.anaconda.org/conda-forge/osx-arm64/ncurses-6.5-hb89a1cb_0.conda
      - conda: https://conda.anaconda.org/conda-forge/osx-arm64/openssl-3.3.1-hfb2fe0b_0.conda
      - conda: https://conda.anaconda.org/conda-forge/noarch/pygments-2.18.0-pyhd8ed1ab_0.conda
      - conda: https://conda.anaconda.org/conda-forge/osx-arm64/python-3.12.4-h30c5eda_0_cpython.conda
      - conda: https://conda.anaconda.org/conda-forge/osx-arm64/python_abi-3.12-4_cp312.conda
      - conda: https://conda.anaconda.org/conda-forge/osx-arm64/readline-8.2-h92ec313_1.conda
      - conda: https://conda.anaconda.org/conda-forge/noarch/rich-13.7.1-pyhd8ed1ab_0.conda
      - conda: https://conda.anaconda.org/conda-forge/noarch/textual-0.70.0-pyhd8ed1ab_0.conda
      - conda: https://conda.anaconda.org/conda-forge/noarch/textual-dev-1.5.1-pyhd8ed1ab_0.conda
      - conda: https://conda.anaconda.org/conda-forge/osx-arm64/tk-8.6.13-h5083fa2_1.conda
      - conda: https://conda.anaconda.org/conda-forge/noarch/typing-extensions-4.12.2-hd8ed1ab_0.conda
      - conda: https://conda.anaconda.org/conda-forge/noarch/typing_extensions-4.12.2-pyha770c72_0.conda
      - conda: https://conda.anaconda.org/conda-forge/noarch/tzdata-2024a-h0c530f3_0.conda
      - conda: https://conda.anaconda.org/conda-forge/osx-arm64/xz-5.2.6-h57fd34a_0.tar.bz2
      - conda: https://conda.anaconda.org/conda-forge/osx-arm64/yarl-1.9.4-py312he37b823_0.conda
      - pypi: https://files.pythonhosted.org/packages/b4/15/7bcf28a3f971e1b0523fab46ae3ca935a589249544187558e5a8e70af393/bases-0.3.0-py3-none-any.whl
      - pypi: git+https://github.com/snarfed/dag-json.git@4bfd62976377bc6d5a9f0047b2442c296944364a
      - pypi: https://files.pythonhosted.org/packages/56/07/7e96241cc42cd0ad09bcba925b3be2c786de05a510815a169ee2e348146c/eventsourcing-9.2.22-py3-none-any.whl
      - pypi: https://files.pythonhosted.org/packages/18/b9/c92d9ca0e3b40a885037a9395348325fb299051c7e2ab9a92894e903cce3/libsql_experimental-0.0.34-cp312-cp312-macosx_11_0_arm64.whl
      - pypi: https://files.pythonhosted.org/packages/fa/02/0eff41b136c6723441d052c61c9dae36b86b3ae68ec064813445580222a6/multiformats-0.3.1.post4-py3-none-any.whl
      - pypi: https://files.pythonhosted.org/packages/f3/9b/c21a9c1d5ea4847989f1eb00e3147e38e79aaea7c4b4d1cbd4f1afae9740/multiformats_config-0.3.1-py3-none-any.whl
      - pypi: https://files.pythonhosted.org/packages/76/44/5618aaf177f3aecc6011247363fcdc684481c365067b84e00130ca6abad2/typing_validation-1.2.11.post1-py3-none-any.whl
packages:
- kind: conda
  name: aiohttp
  version: 3.9.5
  build: py312he37b823_0
  subdir: osx-arm64
  url: https://conda.anaconda.org/conda-forge/osx-arm64/aiohttp-3.9.5-py312he37b823_0.conda
  sha256: 98bebf4177a9b296eaac0e2b2541dc4e1d2c584a278cc15e7c03f910b75810f3
  md5: 5b7aa6817d365896c16910bf7e78c099
  depends:
  - aiosignal >=1.1.2
  - attrs >=17.3.0
  - frozenlist >=1.1.1
  - multidict >=4.5,<7.0
  - python >=3.12,<3.13.0a0
  - python >=3.12,<3.13.0a0 *_cpython
  - python_abi 3.12.* *_cp312
  - yarl >=1.0,<2.0
  license: MIT AND Apache-2.0
  license_family: Apache
  purls:
  - pkg:pypi/aiohttp?source=conda-forge-mapping
  size: 778874
  timestamp: 1713965321286
- kind: conda
  name: aiosignal
  version: 1.3.1
  build: pyhd8ed1ab_0
  subdir: noarch
  noarch: python
  url: https://conda.anaconda.org/conda-forge/noarch/aiosignal-1.3.1-pyhd8ed1ab_0.tar.bz2
  sha256: 575c742e14c86575986dc867463582a970463da50b77264cdf54df74f5563783
  md5: d1e1eb7e21a9e2c74279d87dafb68156
  depends:
  - frozenlist >=1.1.0
  - python >=3.7
  license: Apache-2.0
  license_family: APACHE
  purls:
  - pkg:pypi/aiosignal?source=conda-forge-mapping
  size: 12730
  timestamp: 1667935912504
- kind: conda
  name: attrs
  version: 23.2.0
  build: pyh71513ae_0
  subdir: noarch
  noarch: python
  url: https://conda.anaconda.org/conda-forge/noarch/attrs-23.2.0-pyh71513ae_0.conda
  sha256: 77c7d03bdb243a048fff398cedc74327b7dc79169ebe3b4c8448b0331ea55fea
  md5: 5e4c0743c70186509d1412e03c2d8dfa
  depends:
  - python >=3.7
  license: MIT
  license_family: MIT
  purls:
  - pkg:pypi/attrs?source=conda-forge-mapping
  size: 54582
  timestamp: 1704011393776
- kind: pypi
  name: bases
  version: 0.3.0
  url: https://files.pythonhosted.org/packages/b4/15/7bcf28a3f971e1b0523fab46ae3ca935a589249544187558e5a8e70af393/bases-0.3.0-py3-none-any.whl
  sha256: a2fef3366f3e522ff473d2e95c21523fe8e44251038d5c6150c01481585ebf5b
  requires_dist:
  - typing-extensions>=4.6.0
  - typing-validation>=1.1.0
  - mypy ; extra == 'dev'
  - pylint ; extra == 'dev'
  - pytest ; extra == 'dev'
  - pytest-cov ; extra == 'dev'
  - base58 ; extra == 'dev'
  requires_python: '>=3.7'
- kind: conda
  name: bzip2
  version: 1.0.8
  build: h93a5062_5
  build_number: 5
  subdir: osx-arm64
  url: https://conda.anaconda.org/conda-forge/osx-arm64/bzip2-1.0.8-h93a5062_5.conda
  sha256: bfa84296a638bea78a8bb29abc493ee95f2a0218775642474a840411b950fe5f
  md5: 1bbc659ca658bfd49a481b5ef7a0f40f
  license: bzip2-1.0.6
  license_family: BSD
  purls: []
  size: 122325
  timestamp: 1699280294368
- kind: conda
  name: ca-certificates
  version: 2024.6.2
  build: hf0a4a13_0
  subdir: osx-arm64
  url: https://conda.anaconda.org/conda-forge/osx-arm64/ca-certificates-2024.6.2-hf0a4a13_0.conda
  sha256: f5fd189d48965df396d060eb48628cbd9f083f1a1ea79c5236f60d655c7b9633
  md5: b534f104f102479402f88f73adf750f5
  license: ISC
  purls: []
  size: 156299
  timestamp: 1717311742040
- kind: conda
  name: click
  version: 8.1.7
  build: unix_pyh707e725_0
  subdir: noarch
  noarch: python
  url: https://conda.anaconda.org/conda-forge/noarch/click-8.1.7-unix_pyh707e725_0.conda
  sha256: f0016cbab6ac4138a429e28dbcb904a90305b34b3fe41a9b89d697c90401caec
  md5: f3ad426304898027fc619827ff428eca
  depends:
  - __unix
  - python >=3.8
  license: BSD-3-Clause
  license_family: BSD
  purls:
  - pkg:pypi/click?source=conda-forge-mapping
  size: 84437
  timestamp: 1692311973840
- kind: pypi
  name: dag-json
  version: '0.1'
  url: git+https://github.com/snarfed/dag-json.git@4bfd62976377bc6d5a9f0047b2442c296944364a
  requires_dist:
  - multiformats>=0.3.1.post4
  - python-testmark>=1.0 ; extra == 'tests'
  requires_python: '>=3.7'
- kind: pypi
  name: eventsourcing
  version: 9.2.22
  url: https://files.pythonhosted.org/packages/56/07/7e96241cc42cd0ad09bcba925b3be2c786de05a510815a169ee2e348146c/eventsourcing-9.2.22-py3-none-any.whl
  sha256: ca2c697c28a6118254a5a731d29ac9c9b892ed7de0d7920477938fd924c5abe0
  requires_dist:
  - typing-extensions ; python_version < '3.8'
  - pycryptodome<=3.16.99999 ; extra == 'crypto'
  - psycopg2-binary<=2.9.99999 ; extra == 'dev'
  - pycryptodome<=3.16.99999 ; extra == 'dev'
  - sphinx==4.2.0 ; extra == 'dev'
  - docutils==0.17.1 ; extra == 'dev'
  - sphinx-rtd-theme==1.3.0 ; extra == 'dev'
  - sphinxcontrib-applehelp==1.0.2 ; extra == 'dev'
  - sphinxcontrib-devhelp==1.0.2 ; extra == 'dev'
  - sphinxcontrib-htmlhelp==2.0.0 ; extra == 'dev'
  - sphinxcontrib-jquery==4.1 ; extra == 'dev'
  - sphinxcontrib-qthelp==1.0.3 ; extra == 'dev'
  - sphinxcontrib-serializinghtml==1.1.5 ; extra == 'dev'
  - jinja2==3.1.2 ; extra == 'dev'
  - pygments==2.16.1 ; extra == 'dev'
  - snowballstemmer==2.2.0 ; extra == 'dev'
  - alabaster==0.7.13 ; extra == 'dev'
  - babel==2.13.0 ; extra == 'dev'
  - imagesize==1.4.1 ; extra == 'dev'
  - requests==2.31.0 ; extra == 'dev'
  - packaging==23.2 ; extra == 'dev'
  - markupsafe==2.1.3 ; extra == 'dev'
  - charset-normalizer==3.3.0 ; extra == 'dev'
  - idna==3.4 ; extra == 'dev'
  - urllib3==2.0.7 ; extra == 'dev'
  - certifi==2023.7.22 ; extra == 'dev'
  - pydantic==2.4.2 ; extra == 'dev'
  - pydantic-core==2.10.1 ; extra == 'dev'
  - annotated-types==0.5.0 ; extra == 'dev'
  - orjson==3.9.7 ; extra == 'dev'
  - python-coveralls ; extra == 'dev'
  - coverage ; extra == 'dev'
  - black ; extra == 'dev'
  - mypy ; extra == 'dev'
  - flake8 ; extra == 'dev'
  - flake8-bugbear ; extra == 'dev'
  - isort ; extra == 'dev'
  - backports-zoneinfo ; python_version < '3.9' and extra == 'dev'
  - psycopg2-binary<=2.9.99999 ; extra == 'docs'
  - pycryptodome<=3.16.99999 ; extra == 'docs'
  - sphinx==4.2.0 ; extra == 'docs'
  - docutils==0.17.1 ; extra == 'docs'
  - sphinx-rtd-theme==1.3.0 ; extra == 'docs'
  - sphinxcontrib-applehelp==1.0.2 ; extra == 'docs'
  - sphinxcontrib-devhelp==1.0.2 ; extra == 'docs'
  - sphinxcontrib-htmlhelp==2.0.0 ; extra == 'docs'
  - sphinxcontrib-jquery==4.1 ; extra == 'docs'
  - sphinxcontrib-qthelp==1.0.3 ; extra == 'docs'
  - sphinxcontrib-serializinghtml==1.1.5 ; extra == 'docs'
  - jinja2==3.1.2 ; extra == 'docs'
  - pygments==2.16.1 ; extra == 'docs'
  - snowballstemmer==2.2.0 ; extra == 'docs'
  - alabaster==0.7.13 ; extra == 'docs'
  - babel==2.13.0 ; extra == 'docs'
  - imagesize==1.4.1 ; extra == 'docs'
  - requests==2.31.0 ; extra == 'docs'
  - packaging==23.2 ; extra == 'docs'
  - markupsafe==2.1.3 ; extra == 'docs'
  - charset-normalizer==3.3.0 ; extra == 'docs'
  - idna==3.4 ; extra == 'docs'
  - urllib3==2.0.7 ; extra == 'docs'
  - certifi==2023.7.22 ; extra == 'docs'
  - pydantic==2.4.2 ; extra == 'docs'
  - pydantic-core==2.10.1 ; extra == 'docs'
  - annotated-types==0.5.0 ; extra == 'docs'
  - orjson==3.9.7 ; extra == 'docs'
  - psycopg2<=2.9.99999 ; extra == 'postgres'
  - psycopg2-binary<=2.9.99999 ; extra == 'postgres-dev'
  requires_python: '>=3.7'
- kind: conda
  name: frozenlist
  version: 1.4.1
  build: py312he37b823_0
  subdir: osx-arm64
  url: https://conda.anaconda.org/conda-forge/osx-arm64/frozenlist-1.4.1-py312he37b823_0.conda
  sha256: c51735c67461632ff8bc0bbf5a3d0b389b8e9e4686a13642a010dcb514954e35
  md5: 6cf2f14438b53376e9e1a4e75b44935c
  depends:
  - python >=3.12,<3.13.0a0
  - python >=3.12,<3.13.0a0 *_cpython
  - python_abi 3.12.* *_cp312
  license: Apache-2.0
  license_family: APACHE
  purls:
  - pkg:pypi/frozenlist?source=conda-forge-mapping
  size: 52950
  timestamp: 1702645976558
- kind: conda
  name: idna
  version: '3.7'
  build: pyhd8ed1ab_0
  subdir: noarch
  noarch: python
  url: https://conda.anaconda.org/conda-forge/noarch/idna-3.7-pyhd8ed1ab_0.conda
  sha256: 9687ee909ed46169395d4f99a0ee94b80a52f87bed69cd454bb6d37ffeb0ec7b
  md5: c0cc1420498b17414d8617d0b9f506ca
  depends:
  - python >=3.6
  license: BSD-3-Clause
  license_family: BSD
  purls:
  - pkg:pypi/idna?source=conda-forge-mapping
  size: 52718
  timestamp: 1713279497047
- kind: conda
  name: libcxx
  version: 17.0.6
  build: h5f092b4_0
  subdir: osx-arm64
  url: https://conda.anaconda.org/conda-forge/osx-arm64/libcxx-17.0.6-h5f092b4_0.conda
  sha256: 119d3d9306f537d4c89dc99ed99b94c396d262f0b06f7833243646f68884f2c2
  md5: a96fd5dda8ce56c86a971e0fa02751d0
  depends:
  - __osx >=11.0
  license: Apache-2.0 WITH LLVM-exception
  license_family: Apache
  purls: []
  size: 1248885
  timestamp: 1715020154867
- kind: conda
  name: libexpat
  version: 2.6.2
  build: hebf3989_0
  subdir: osx-arm64
  url: https://conda.anaconda.org/conda-forge/osx-arm64/libexpat-2.6.2-hebf3989_0.conda
  sha256: ba7173ac30064ea901a4c9fb5a51846dcc25512ceb565759be7d18cbf3e5415e
  md5: e3cde7cfa87f82f7cb13d482d5e0ad09
  constrains:
  - expat 2.6.2.*
  license: MIT
  license_family: MIT
  purls: []
  size: 63655
  timestamp: 1710362424980
- kind: conda
  name: libffi
  version: 3.4.2
  build: h3422bc3_5
  build_number: 5
  subdir: osx-arm64
  url: https://conda.anaconda.org/conda-forge/osx-arm64/libffi-3.4.2-h3422bc3_5.tar.bz2
  sha256: 41b3d13efb775e340e4dba549ab5c029611ea6918703096b2eaa9c015c0750ca
  md5: 086914b672be056eb70fd4285b6783b6
  license: MIT
  license_family: MIT
  purls: []
  size: 39020
  timestamp: 1636488587153
- kind: pypi
  name: libsql-experimental
  version: 0.0.34
  url: https://files.pythonhosted.org/packages/18/b9/c92d9ca0e3b40a885037a9395348325fb299051c7e2ab9a92894e903cce3/libsql_experimental-0.0.34-cp312-cp312-macosx_11_0_arm64.whl
  sha256: 6d8a3b7b8d4ae1427473ded2c0c252c95468f0686fad379b34e882364d330c03
  requires_python: '>=3.7'
- kind: conda
  name: libsqlite
  version: 3.46.0
  build: hfb93653_0
  subdir: osx-arm64
  url: https://conda.anaconda.org/conda-forge/osx-arm64/libsqlite-3.46.0-hfb93653_0.conda
  sha256: 73048f9cb8647d3d3bfe6021c0b7d663e12cffbe9b4f31bd081e713b0a9ad8f9
  md5: 12300188028c9bc02da965128b91b517
  depends:
  - __osx >=11.0
  - libzlib >=1.2.13,<2.0a0
  license: Unlicense
  purls: []
  size: 830198
  timestamp: 1718050644825
- kind: conda
  name: libzlib
  version: 1.3.1
  build: hfb2fe0b_1
  build_number: 1
  subdir: osx-arm64
  url: https://conda.anaconda.org/conda-forge/osx-arm64/libzlib-1.3.1-hfb2fe0b_1.conda
  sha256: c34365dd37b0eab27b9693af32a1f7f284955517c2cc91f1b88a7ef4738ff03e
  md5: 636077128927cf79fd933276dc3aed47
  depends:
  - __osx >=11.0
  constrains:
  - zlib 1.3.1 *_1
  license: Zlib
  license_family: Other
  purls: []
  size: 46921
  timestamp: 1716874262512
- kind: conda
  name: markdown-it-py
  version: 3.0.0
  build: pyhd8ed1ab_0
  subdir: noarch
  noarch: python
  url: https://conda.anaconda.org/conda-forge/noarch/markdown-it-py-3.0.0-pyhd8ed1ab_0.conda
  sha256: c041b0eaf7a6af3344d5dd452815cdc148d6284fec25a4fa3f4263b3a021e962
  md5: 93a8e71256479c62074356ef6ebf501b
  depends:
  - mdurl >=0.1,<1
  - python >=3.8
  license: MIT
  license_family: MIT
  purls:
  - pkg:pypi/markdown-it-py?source=conda-forge-mapping
  size: 64356
  timestamp: 1686175179621
- kind: conda
  name: mdurl
  version: 0.1.2
  build: pyhd8ed1ab_0
  subdir: noarch
  noarch: python
  url: https://conda.anaconda.org/conda-forge/noarch/mdurl-0.1.2-pyhd8ed1ab_0.conda
  sha256: 64073dfb6bb429d52fff30891877b48c7ec0f89625b1bf844905b66a81cce6e1
  md5: 776a8dd9e824f77abac30e6ef43a8f7a
  depends:
  - python >=3.6
  license: MIT
  license_family: MIT
  purls:
  - pkg:pypi/mdurl?source=conda-forge-mapping
  size: 14680
  timestamp: 1704317789138
- kind: conda
  name: msgpack-python
  version: 1.0.8
  build: py312h157fec4_0
  subdir: osx-arm64
  url: https://conda.anaconda.org/conda-forge/osx-arm64/msgpack-python-1.0.8-py312h157fec4_0.conda
  sha256: 88abda8e86379e085540cbe54897792b62e61b7f0b77882a7361dba01a4687f4
  md5: b815836e3b798dff1d7a28095761658b
  depends:
  - __osx >=11.0
  - libcxx >=16
  - python >=3.12,<3.13.0a0
  - python >=3.12,<3.13.0a0 *_cpython
  - python_abi 3.12.* *_cp312
  license: Apache-2.0
  license_family: Apache
  purls:
  - pkg:pypi/msgpack?source=conda-forge-mapping
  size: 91912
  timestamp: 1715670824147
- kind: conda
  name: multidict
  version: 6.0.5
  build: py312h670c8ac_0
  subdir: osx-arm64
  url: https://conda.anaconda.org/conda-forge/osx-arm64/multidict-6.0.5-py312h670c8ac_0.conda
  sha256: d7a15bf4dda045aa0808c2f90eb53759d7d1c7a88b9a98713b182ff231bfaba0
  md5: 5f132dbfff9d4ac73f5d4786459b22ba
  depends:
  - python >=3.12,<3.13.0a0
  - python >=3.12,<3.13.0a0 *_cpython
  - python_abi 3.12.* *_cp312
  license: Apache-2.0
  license_family: APACHE
  purls:
  - pkg:pypi/multidict?source=conda-forge-mapping
  size: 55186
  timestamp: 1707041093658
- kind: pypi
  name: multiformats
  version: 0.3.1.post4
  url: https://files.pythonhosted.org/packages/fa/02/0eff41b136c6723441d052c61c9dae36b86b3ae68ec064813445580222a6/multiformats-0.3.1.post4-py3-none-any.whl
  sha256: 5b1d61bd8275c9e817bdbee38dbd501b26629011962ee3c86c46e7ccd0b14129
  requires_dist:
  - typing-extensions>=4.6.0
  - typing-validation>=1.1.0
  - bases>=0.3.0
  - multiformats-config>=0.3.0
  - mypy ; extra == 'dev'
  - pylint ; extra == 'dev'
  - pytest ; extra == 'dev'
  - pytest-cov ; extra == 'dev'
  - blake3 ; extra == 'dev'
  - pyskein ; extra == 'dev'
  - mmh3 ; extra == 'dev'
  - pycryptodomex ; extra == 'dev'
  - rich ; extra == 'dev'
  - blake3 ; extra == 'full'
  - pyskein ; extra == 'full'
  - mmh3 ; extra == 'full'
  - pycryptodomex ; extra == 'full'
  - rich ; extra == 'full'
  requires_python: '>=3.7'
- kind: pypi
  name: multiformats-config
  version: 0.3.1
  url: https://files.pythonhosted.org/packages/f3/9b/c21a9c1d5ea4847989f1eb00e3147e38e79aaea7c4b4d1cbd4f1afae9740/multiformats_config-0.3.1-py3-none-any.whl
  sha256: dec4c9d42ed0d9305889b67440f72e8e8d74b82b80abd7219667764b5b0a8e1d
  requires_dist:
  - multiformats
  - mypy ; extra == 'dev'
  - pylint ; extra == 'dev'
  - pytest ; extra == 'dev'
  - pytest-cov ; extra == 'dev'
  requires_python: '>=3.7'
- kind: conda
  name: ncurses
  version: '6.5'
  build: hb89a1cb_0
  subdir: osx-arm64
  url: https://conda.anaconda.org/conda-forge/osx-arm64/ncurses-6.5-hb89a1cb_0.conda
  sha256: 87d7cf716d9d930dab682cb57b3b8d3a61940b47d6703f3529a155c938a6990a
  md5: b13ad5724ac9ae98b6b4fd87e4500ba4
  license: X11 AND BSD-3-Clause
  purls: []
  size: 795131
  timestamp: 1715194898402
- kind: conda
  name: openssl
  version: 3.3.1
  build: hfb2fe0b_0
  subdir: osx-arm64
  url: https://conda.anaconda.org/conda-forge/osx-arm64/openssl-3.3.1-hfb2fe0b_0.conda
  sha256: 6cb2d44f027b259be8cba2240bdf21af7b426e4132a73e0052f7173ab8b60ab0
  md5: c4a0bbd96a0da60bf265dac62c87f4e1
  depends:
  - __osx >=11.0
  - ca-certificates
  constrains:
  - pyopenssl >=22.1
  license: Apache-2.0
  license_family: Apache
  purls: []
  size: 2891941
  timestamp: 1717545846389
- kind: conda
  name: pygments
  version: 2.18.0
  build: pyhd8ed1ab_0
  subdir: noarch
  noarch: python
  url: https://conda.anaconda.org/conda-forge/noarch/pygments-2.18.0-pyhd8ed1ab_0.conda
  sha256: 78267adf4e76d0d64ea2ffab008c501156c108bb08fecb703816fb63e279780b
  md5: b7f5c092b8f9800150d998a71b76d5a1
  depends:
  - python >=3.8
  license: BSD-2-Clause
  license_family: BSD
  purls:
  - pkg:pypi/pygments?source=conda-forge-mapping
  size: 879295
  timestamp: 1714846885370
- kind: conda
  name: python
  version: 3.12.4
  build: h30c5eda_0_cpython
  subdir: osx-arm64
  url: https://conda.anaconda.org/conda-forge/osx-arm64/python-3.12.4-h30c5eda_0_cpython.conda
  sha256: 107824b584eb5e43f71df8cb2741019f5c377c734f8309899aa2a6ed53b79a47
  md5: e3e44e0e72aed46dcb810fa3e96784be
  depends:
  - __osx >=11.0
  - bzip2 >=1.0.8,<2.0a0
  - libexpat >=2.6.2,<3.0a0
  - libffi >=3.4,<4.0a0
  - libsqlite >=3.46.0,<4.0a0
  - libzlib >=1.3.1,<2.0a0
  - ncurses >=6.5,<7.0a0
  - openssl >=3.3.1,<4.0a0
  - readline >=8.2,<9.0a0
  - tk >=8.6.13,<8.7.0a0
  - tzdata
  - xz >=5.2.6,<6.0a0
  constrains:
  - python_abi 3.12.* *_cp312
  license: Python-2.0
  purls: []
  size: 12183332
  timestamp: 1718619490228
- kind: conda
  name: python_abi
  version: '3.12'
  build: 4_cp312
  build_number: 4
  subdir: osx-arm64
  url: https://conda.anaconda.org/conda-forge/osx-arm64/python_abi-3.12-4_cp312.conda
  sha256: db25428e4f24f8693ffa39f3ff6dfbb8fd53bc298764b775b57edab1c697560f
  md5: bbb3a02c78b2d8219d7213f76d644a2a
  constrains:
  - python 3.12.* *_cpython
  license: BSD-3-Clause
  license_family: BSD
  purls: []
  size: 6508
  timestamp: 1695147497048
- kind: conda
  name: readline
  version: '8.2'
  build: h92ec313_1
  build_number: 1
  subdir: osx-arm64
  url: https://conda.anaconda.org/conda-forge/osx-arm64/readline-8.2-h92ec313_1.conda
  sha256: a1dfa679ac3f6007362386576a704ad2d0d7a02e98f5d0b115f207a2da63e884
  md5: 8cbb776a2f641b943d413b3e19df71f4
  depends:
  - ncurses >=6.3,<7.0a0
  license: GPL-3.0-only
  license_family: GPL
  purls: []
  size: 250351
  timestamp: 1679532511311
- kind: conda
  name: rich
  version: 13.7.1
  build: pyhd8ed1ab_0
  subdir: noarch
  noarch: python
  url: https://conda.anaconda.org/conda-forge/noarch/rich-13.7.1-pyhd8ed1ab_0.conda
  sha256: 2b26d58aa59e46f933c3126367348651b0dab6e0bf88014e857415bb184a4667
  md5: ba445bf767ae6f0d959ff2b40c20912b
  depends:
  - markdown-it-py >=2.2.0
  - pygments >=2.13.0,<3.0.0
  - python >=3.7.0
  - typing_extensions >=4.0.0,<5.0.0
  license: MIT
  license_family: MIT
  purls:
  - pkg:pypi/rich?source=conda-forge-mapping
  size: 184347
  timestamp: 1709150578093
- kind: conda
  name: textual
  version: 0.70.0
  build: pyhd8ed1ab_0
  subdir: noarch
  noarch: python
  url: https://conda.anaconda.org/conda-forge/noarch/textual-0.70.0-pyhd8ed1ab_0.conda
  sha256: b3c96a5328fe9b8d71f3ec8f6f035e85ce2f22d7ba5d4d2ffcd89ea725563b3c
  md5: 4998dd84238a886242dfb54b3b1219db
  depends:
  - markdown-it-py >=2.1.0
  - python >=3.8.0,<4.0.0
  - rich >=13.3.3
  - typing-extensions >=4.4.0,<5.0.0
  constrains:
  - tree-sitter >=0.20.1,<0.21.0
  - tree_sitter_languages =1.10.2
  license: MIT
  purls:
  - pkg:pypi/textual?source=conda-forge-mapping
  size: 389984
  timestamp: 1718811597605
- kind: conda
  name: textual-dev
  version: 1.5.1
  build: pyhd8ed1ab_0
  subdir: noarch
  noarch: python
  url: https://conda.anaconda.org/conda-forge/noarch/textual-dev-1.5.1-pyhd8ed1ab_0.conda
  sha256: d893798c38fb8ec131982a5dd7cdc44fd03d212db4c744a4ce95add7cce9c52e
  md5: ddea2330658963f4a7717196f5f0e94d
  depends:
  - aiohttp >=3.8.1
  - click >=8.1.2
  - msgpack-python >=1.0.3
  - python >=3.8,<4
  - textual >=0.36.0
  - typing_extensions >=4.4.0,<5.0.0
  license: MIT
  license_family: MIT
  purls:
  - pkg:pypi/textual-dev?source=conda-forge-mapping
  size: 27464
  timestamp: 1708443001437
- kind: conda
  name: tk
  version: 8.6.13
  build: h5083fa2_1
  build_number: 1
  subdir: osx-arm64
  url: https://conda.anaconda.org/conda-forge/osx-arm64/tk-8.6.13-h5083fa2_1.conda
  sha256: 72457ad031b4c048e5891f3f6cb27a53cb479db68a52d965f796910e71a403a8
  md5: b50a57ba89c32b62428b71a875291c9b
  depends:
  - libzlib >=1.2.13,<2.0.0a0
  license: TCL
  license_family: BSD
  purls: []
  size: 3145523
  timestamp: 1699202432999
- kind: conda
  name: typing-extensions
  version: 4.12.2
  build: hd8ed1ab_0
  subdir: noarch
  noarch: python
  url: https://conda.anaconda.org/conda-forge/noarch/typing-extensions-4.12.2-hd8ed1ab_0.conda
  sha256: d3b9a8ed6da7c9f9553c5fd8a4fca9c3e0ab712fa5f497859f82337d67533b73
  md5: 52d648bd608f5737b123f510bb5514b5
  depends:
  - typing_extensions 4.12.2 pyha770c72_0
  license: PSF-2.0
  license_family: PSF
  purls: []
  size: 10097
  timestamp: 1717802659025
- kind: pypi
  name: typing-validation
  version: 1.2.11.post1
  url: https://files.pythonhosted.org/packages/76/44/5618aaf177f3aecc6011247363fcdc684481c365067b84e00130ca6abad2/typing_validation-1.2.11.post1-py3-none-any.whl
  sha256: 4c491d5f842a48dbb581f2613151e5ab5f9bba5490e655ca2dfcdb7b4030543a
  requires_dist:
  - typing-extensions>=4.6.0 ; python_version < '3.11'
  - mypy ; extra == 'dev'
  - pylint ; extra == 'dev'
  - pytest ; extra == 'dev'
  - pytest-cov ; extra == 'dev'
  - rich ; extra == 'dev'
  requires_python: '>=3.7'
- kind: conda
  name: typing_extensions
  version: 4.12.2
  build: pyha770c72_0
  subdir: noarch
  noarch: python
  url: https://conda.anaconda.org/conda-forge/noarch/typing_extensions-4.12.2-pyha770c72_0.conda
  sha256: 0fce54f8ec3e59f5ef3bb7641863be4e1bf1279623e5af3d3fa726e8f7628ddb
  md5: ebe6952715e1d5eb567eeebf25250fa7
  depends:
  - python >=3.8
  license: PSF-2.0
  license_family: PSF
  purls:
  - pkg:pypi/typing-extensions?source=conda-forge-mapping
  size: 39888
  timestamp: 1717802653893
- kind: conda
  name: tzdata
  version: 2024a
  build: h0c530f3_0
  subdir: noarch
  noarch: generic
  url: https://conda.anaconda.org/conda-forge/noarch/tzdata-2024a-h0c530f3_0.conda
  sha256: 7b2b69c54ec62a243eb6fba2391b5e443421608c3ae5dbff938ad33ca8db5122
  md5: 161081fc7cec0bfda0d86d7cb595f8d8
  license: LicenseRef-Public-Domain
  purls: []
  size: 119815
  timestamp: 1706886945727
- kind: conda
  name: xz
  version: 5.2.6
  build: h57fd34a_0
  subdir: osx-arm64
  url: https://conda.anaconda.org/conda-forge/osx-arm64/xz-5.2.6-h57fd34a_0.tar.bz2
  sha256: 59d78af0c3e071021cfe82dc40134c19dab8cdf804324b62940f5c8cd71803ec
  md5: 39c6b54e94014701dd157f4f576ed211
  license: LGPL-2.1 and GPL-2.0
  purls: []
  size: 235693
  timestamp: 1660346961024
- kind: conda
  name: yarl
  version: 1.9.4
  build: py312he37b823_0
  subdir: osx-arm64
  url: https://conda.anaconda.org/conda-forge/osx-arm64/yarl-1.9.4-py312he37b823_0.conda
  sha256: 4ed261d50453813ceff0777b439d1646999ae3f8eba86775655a78d5411c9769
  md5: 44ead39ed723937c4701dcb040ff8df6
  depends:
  - idna >=2.0
  - multidict >=4.0
  - python >=3.12,<3.13.0a0
  - python >=3.12,<3.13.0a0 *_cpython
  - python_abi 3.12.* *_cp312
  license: Apache-2.0
  license_family: Apache
  purls:
  - pkg:pypi/yarl?source=conda-forge-mapping
  size: 111018
  timestamp: 1705509068239
